
Microsoft Visual Studio Solution File, Format Version 12.00
Project("{FAE04EC0-301F-11D3-BF4B-00C04F79EFBC}") = "MeteoDataCollector.App", "MeteoDataCollector.App\MeteoDataCollector.App.csproj", "{A27C460F-A8D6-4D8C-8F72-4A19EA56A4F2}"
EndProject
Project("{FAE04EC0-301F-11D3-BF4B-00C04F79EFBC}") = "MeteoDataCollector.Core", "MeteoDataCollector.Core\MeteoDataCollector.Core.csproj", "{39105FE1-F87E-478D-AFA9-BD36674802D9}"
EndProject
Project("{FAE04EC0-301F-11D3-BF4B-00C04F79EFBC}") = "MeteoDataCollector.Infrastructure", "MeteoDataCollector.Infrastructure\MeteoDataCollector.Infrastructure.csproj", "{9A03950A-12C8-49E5-9D23-B0272910EAE3}"
EndProject
Project("{2150E333-8FDC-42A3-9474-1A3956D46DE8}") = "code", "code", "{3F23D4C4-A485-47F7-A3D2-EF8E74B823C1}"
    ProjectSection(SolutionItems) = preProject
        Dockerfile = Dockerfile
 		docker-compose.yml = docker-compose.yml
 	EndProjectSection
EndProject
Global
	GlobalSection(SolutionConfigurationPlatforms) = preSolution
		Debug|Any CPU = Debug|Any CPU
		Release|Any CPU = Release|Any CPU
	EndGlobalSection
	GlobalSection(ProjectConfigurationPlatforms) = postSolution
		{A27C460F-A8D6-4D8C-8F72-4A19EA56A4F2}.Debug|Any CPU.ActiveCfg = Debug|Any CPU
		{A27C460F-A8D6-4D8C-8F72-4A19EA56A4F2}.Debug|Any CPU.Build.0 = Debug|Any CPU
		{A27C460F-A8D6-4D8C-8F72-4A19EA56A4F2}.Release|Any CPU.ActiveCfg = Release|Any CPU
		{A27C460F-A8D6-4D8C-8F72-4A19EA56A4F2}.Release|Any CPU.Build.0 = Release|Any CPU
		{39105FE1-F87E-478D-AFA9-BD36674802D9}.Debug|Any CPU.ActiveCfg = Debug|Any CPU
		{39105FE1-F87E-478D-AFA9-BD36674802D9}.Debug|Any CPU.Build.0 = Debug|Any CPU
		{39105FE1-F87E-478D-AFA9-BD36674802D9}.Release|Any CPU.ActiveCfg = Release|Any CPU
		{39105FE1-F87E-478D-AFA9-BD36674802D9}.Release|Any CPU.Build.0 = Release|Any CPU
		{9A03950A-12C8-49E5-9D23-B0272910EAE3}.Debug|Any CPU.ActiveCfg = Debug|Any CPU
		{9A03950A-12C8-49E5-9D23-B0272910EAE3}.Debug|Any CPU.Build.0 = Debug|Any CPU
		{9A03950A-12C8-49E5-9D23-B0272910EAE3}.Release|Any CPU.ActiveCfg = Release|Any CPU
		{9A03950A-12C8-49E5-9D23-B0272910EAE3}.Release|Any CPU.Build.0 = Release|Any CPU
	EndGlobalSection
EndGlobal
